[[package]]
category = "main"
description = "apipkg: namespace control and lazy-import mechanism"
name = "apipkg"
optional = false
python-versions = ">=2.7, !=3.0.*, !=3.1.*, !=3.2.*, !=3.3.*"
version = "1.5"

[[package]]
category = "main"
description = "Atomic file writes."
marker = "sys_platform == \"win32\""
name = "atomicwrites"
optional = false
python-versions = ">=2.7, !=3.0.*, !=3.1.*, !=3.2.*, !=3.3.*"
version = "1.4.0"

[[package]]
category = "main"
description = "Classes Without Boilerplate"
name = "attrs"
optional = false
python-versions = ">=2.7, !=3.0.*, !=3.1.*, !=3.2.*, !=3.3.*"
version = "20.3.0"

[package.extras]
dev = ["coverage (>=5.0.2)", "hypothesis", "pympler", "pytest (>=4.3.0)", "six", "zope.interface", "furo", "sphinx", "pre-commit"]
docs = ["furo", "sphinx", "zope.interface"]
tests = ["coverage (>=5.0.2)", "hypothesis", "pympler", "pytest (>=4.3.0)", "six", "zope.interface"]
tests_no_zope = ["coverage (>=5.0.2)", "hypothesis", "pympler", "pytest (>=4.3.0)", "six"]

[[package]]
category = "main"
description = "The bidirectional mapping library for Python."
name = "bidict"
optional = false
python-versions = ">=3.6"
version = "0.21.2"

[package.extras]
coverage = ["coverage (<6)", "pytest-cov (<3)"]
dev = ["setuptools-scm", "hypothesis (<6)", "py (<2)", "pytest (<7)", "pytest-benchmark (>=3.2.0,<4)", "sortedcollections (<2)", "sortedcontainers (<3)", "Sphinx (<4)", "sphinx-autodoc-typehints (<2)", "coverage (<6)", "pytest-cov (<3)", "pre-commit (<3)", "tox (<4)"]
docs = ["Sphinx (<4)", "sphinx-autodoc-typehints (<2)"]
precommit = ["pre-commit (<3)"]
test = ["hypothesis (<6)", "py (<2)", "pytest (<7)", "pytest-benchmark (>=3.2.0,<4)", "sortedcollections (<2)", "sortedcontainers (<3)", "Sphinx (<4)", "sphinx-autodoc-typehints (<2)"]

[[package]]
category = "main"
description = "Cross-platform colored terminal text."
marker = "sys_platform == \"win32\""
name = "colorama"
optional = false
python-versions = ">=2.7, !=3.0.*, !=3.1.*, !=3.2.*, !=3.3.*, !=3.4.*"
version = "0.4.4"

[[package]]
category = "main"
description = "Decorators for Humans"
name = "decorator"
optional = false
python-versions = ">=2.6, !=3.0.*, !=3.1.*"
version = "4.4.2"

[[package]]
category = "main"
description = "Python library for modeling DFAs, Moore Machines, and Transition Systems."
name = "dfa"
optional = false
python-versions = ">=3.7,<4.0"
version = "2.1.2"

[package.dependencies]
attrs = ">=20.0.0,<21.0.0"
funcy = ">=1.12,<2.0"
lazytree = ">=0.3.1,<0.4.0"
pytest-xdist = ">=2.1.0,<3.0.0"

[package.extras]
draw = ["pydot (>=1.4,<2.0)"]

[[package]]
category = "main"
description = "Python library for identifying DFAs from labeled examples."
name = "dfa-identify"
optional = false
python-versions = ">=3.9,<4.0"
version = "0.1.1"

[package.dependencies]
attrs = ">=20.3.0,<21.0.0"
bidict = ">=0.21.2,<0.22.0"
dfa = ">=2.1.2,<3.0.0"
funcy = ">=1.15,<2.0"
networkx = ">=2.5.1,<3.0.0"
python-sat = ">=0.1.7-alpha.2,<0.2.0"

[[package]]
category = "main"
description = "execnet: rapid multi-Python deployment"
name = "execnet"
optional = false
python-versions = ">=2.7, !=3.0.*, !=3.1.*, !=3.2.*, !=3.3.*, !=3.4.*"
version = "1.8.0"

[package.dependencies]
apipkg = ">=1.4"

[package.extras]
testing = ["pre-commit"]

[[package]]
category = "dev"
description = "the modular source code checker: pep8 pyflakes and co"
name = "flake8"
optional = false
python-versions = "!=3.0.*,!=3.1.*,!=3.2.*,!=3.3.*,!=3.4.*,>=2.7"
version = "3.9.2"

[package.dependencies]
mccabe = ">=0.6.0,<0.7.0"
pycodestyle = ">=2.7.0,<2.8.0"
pyflakes = ">=2.3.0,<2.4.0"

[[package]]
category = "main"
description = "A fancy and practical functional tools"
name = "funcy"
optional = false
python-versions = "*"
version = "1.16"

[[package]]
category = "main"
description = "iniconfig: brain-dead simple config-ini parsing"
name = "iniconfig"
optional = false
python-versions = "*"
version = "1.1.1"

[[package]]
category = "main"
description = "Python library for manipulating infinite trees."
name = "lazytree"
optional = false
python-versions = ">=3.6,<4.0"
version = "0.3.2"

[package.dependencies]
attrs = ">=20.0.0,<21.0.0"
funcy = ">=1.12,<2.0"

[[package]]
category = "dev"
description = "McCabe checker, plugin for flake8"
name = "mccabe"
optional = false
python-versions = "*"
version = "0.6.1"

[[package]]
category = "main"
description = "Python package for creating and manipulating graphs and networks"
name = "networkx"
optional = false
python-versions = ">=3.6"
version = "2.5.1"

[package.dependencies]
decorator = ">=4.3,<5"

[package.extras]
all = ["numpy", "scipy", "pandas", "matplotlib", "pygraphviz", "pydot", "pyyaml", "lxml", "pytest"]
gdal = ["gdal"]
lxml = ["lxml"]
matplotlib = ["matplotlib"]
numpy = ["numpy"]
pandas = ["pandas"]
pydot = ["pydot"]
pygraphviz = ["pygraphviz"]
pytest = ["pytest"]
pyyaml = ["pyyaml"]
scipy = ["scipy"]

[[package]]
category = "main"
description = "Core utilities for Python packages"
name = "packaging"
optional = false
python-versions = ">=2.7, !=3.0.*, !=3.1.*, !=3.2.*, !=3.3.*"
version = "20.9"

[package.dependencies]
pyparsing = ">=2.0.2"

[[package]]
category = "main"
description = "plugin and hook calling mechanisms for python"
name = "pluggy"
optional = false
python-versions = ">=2.7, !=3.0.*, !=3.1.*, !=3.2.*, !=3.3.*"
version = "0.13.1"

[package.extras]
dev = ["pre-commit", "tox"]

[[package]]
category = "main"
description = "library with cross-python path, ini-parsing, io, code, log facilities"
name = "py"
optional = false
python-versions = ">=2.7, !=3.0.*, !=3.1.*, !=3.2.*, !=3.3.*"
version = "1.10.0"

[[package]]
category = "dev"
description = "Python style guide checker"
name = "pycodestyle"
optional = false
python-versions = ">=2.7, !=3.0.*, !=3.1.*, !=3.2.*, !=3.3.*"
version = "2.7.0"

[[package]]
category = "dev"
description = "passive checker of Python programs"
name = "pyflakes"
optional = false
python-versions = ">=2.7, !=3.0.*, !=3.1.*, !=3.2.*, !=3.3.*"
version = "2.3.1"

[[package]]
category = "main"
description = "Python parsing module"
name = "pyparsing"
optional = false
python-versions = ">=2.6, !=3.0.*, !=3.1.*, !=3.2.*"
version = "2.4.7"

[[package]]
category = "main"
description = "pytest: simple powerful testing with Python"
name = "pytest"
optional = false
python-versions = ">=3.6"
version = "6.2.4"

[package.dependencies]
atomicwrites = ">=1.0"
attrs = ">=19.2.0"
colorama = "*"
iniconfig = "*"
packaging = "*"
pluggy = ">=0.12,<1.0.0a1"
py = ">=1.8.2"
toml = "*"

[package.extras]
testing = ["argcomplete", "hypothesis (>=3.56)", "mock", "nose", "requests", "xmlschema"]

[[package]]
category = "dev"
description = "pytest plugin to check FLAKE8 requirements"
name = "pytest-flake8"
optional = false
python-versions = "*"
version = "1.0.7"

[package.dependencies]
flake8 = ">=3.5"
pytest = ">=3.5"

[[package]]
category = "main"
description = "run tests in isolated forked subprocesses"
name = "pytest-forked"
optional = false
python-versions = ">=2.7, !=3.0.*, !=3.1.*, !=3.2.*, !=3.3.*, !=3.4.*"
version = "1.3.0"

[package.dependencies]
py = "*"
pytest = ">=3.10"

[[package]]
category = "main"
description = "pytest xdist plugin for distributed testing and loop-on-failing modes"
name = "pytest-xdist"
optional = false
python-versions = ">=3.5"
version = "2.2.1"

[package.dependencies]
execnet = ">=1.1"
pytest = ">=6.0.0"
pytest-forked = "*"

[package.extras]
psutil = ["psutil (>=3.0)"]
testing = ["filelock"]

[[package]]
category = "main"
description = "A Python library for prototyping with SAT oracles"
name = "python-sat"
optional = false
python-versions = "*"
version = "0.1.7.dev3"

[package.dependencies]
six = "*"

[package.extras]
aiger = ["py-aiger-cnf (>=2.0.0)"]
pblib = ["pypblib (>=0.0.3)"]

[[package]]
category = "main"
description = "Python 2 and 3 compatibility utilities"
name = "six"
optional = false
python-versions = ">=2.7, !=3.0.*, !=3.1.*, !=3.2.*"
version = "1.16.0"

[[package]]
category = "main"
description = "Python Library for Tom's Obvious, Minimal Language"
name = "toml"
optional = false
python-versions = ">=2.6, !=3.0.*, !=3.1.*, !=3.2.*"
version = "0.10.2"

[metadata]
content-hash = "8df2caedc81b01f28b828b309947f47ac3a978d057db30a7ec9d89252f41428a"
lock-version = "1.0"
python-versions = "^3.9"

[metadata.files]
apipkg = [
    {file = "apipkg-1.5-py2.py3-none-any.whl", hash = "sha256:58587dd4dc3daefad0487f6d9ae32b4542b185e1c36db6993290e7c41ca2b47c"},
    {file = "apipkg-1.5.tar.gz", hash = "sha256:37228cda29411948b422fae072f57e31d3396d2ee1c9783775980ee9c9990af6"},
]
atomicwrites = [
    {file = "atomicwrites-1.4.0-py2.py3-none-any.whl", hash = "sha256:6d1784dea7c0c8d4a5172b6c620f40b6e4cbfdf96d783691f2e1302a7b88e197"},
    {file = "atomicwrites-1.4.0.tar.gz", hash = "sha256:ae70396ad1a434f9c7046fd2dd196fc04b12f9e91ffb859164193be8b6168a7a"},
]
attrs = [
    {file = "attrs-20.3.0-py2.py3-none-any.whl", hash = "sha256:31b2eced602aa8423c2aea9c76a724617ed67cf9513173fd3a4f03e3a929c7e6"},
    {file = "attrs-20.3.0.tar.gz", hash = "sha256:832aa3cde19744e49938b91fea06d69ecb9e649c93ba974535d08ad92164f700"},
]
bidict = [
    {file = "bidict-0.21.2-py2.py3-none-any.whl", hash = "sha256:929d056e8d0d9b17ceda20ba5b24ac388e2a4d39802b87f9f4d3f45ecba070bf"},
    {file = "bidict-0.21.2.tar.gz", hash = "sha256:4fa46f7ff96dc244abfc437383d987404ae861df797e2fd5b190e233c302be09"},
]
colorama = [
    {file = "colorama-0.4.4-py2.py3-none-any.whl", hash = "sha256:9f47eda37229f68eee03b24b9748937c7dc3868f906e8ba69fbcbdd3bc5dc3e2"},
    {file = "colorama-0.4.4.tar.gz", hash = "sha256:5941b2b48a20143d2267e95b1c2a7603ce057ee39fd88e7329b0c292aa16869b"},
]
decorator = [
    {file = "decorator-4.4.2-py2.py3-none-any.whl", hash = "sha256:41fa54c2a0cc4ba648be4fd43cff00aedf5b9465c9bf18d64325bc225f08f760"},
    {file = "decorator-4.4.2.tar.gz", hash = "sha256:e3a62f0520172440ca0dcc823749319382e377f37f140a0b99ef45fecb84bfe7"},
]
dfa = [
    {file = "dfa-2.1.2-py3-none-any.whl", hash = "sha256:f63d67351da341be0c3210761e3c965221d5a16b5403ba7b1ccc97aee5e89f76"},
    {file = "dfa-2.1.2.tar.gz", hash = "sha256:3dd082944293997ed0af9bc565271b3296664673aa71877e65de60579c811cf5"},
]
dfa-identify = [
    {file = "dfa_identify-0.1.1-py3-none-any.whl", hash = "sha256:80c17c387ed2083d1958ba11634fa2eec44108da04d2a04b60ab2572dcc1fd9b"},
    {file = "dfa_identify-0.1.1.tar.gz", hash = "sha256:108bd47a641fee9a2479aed4a5c2ba5cdcaaa0813c36bd3b3535d69b417fb7fe"},
]
execnet = [
    {file = "execnet-1.8.0-py2.py3-none-any.whl", hash = "sha256:7a13113028b1e1cc4c6492b28098b3c6576c9dccc7973bfe47b342afadafb2ac"},
    {file = "execnet-1.8.0.tar.gz", hash = "sha256:b73c5565e517f24b62dea8a5ceac178c661c4309d3aa0c3e420856c072c411b4"},
]
flake8 = [
    {file = "flake8-3.9.2-py2.py3-none-any.whl", hash = "sha256:bf8fd333346d844f616e8d47905ef3a3384edae6b4e9beb0c5101e25e3110907"},
    {file = "flake8-3.9.2.tar.gz", hash = "sha256:07528381786f2a6237b061f6e96610a4167b226cb926e2aa2b6b1d78057c576b"},
]
funcy = [
    {file = "funcy-1.16-py2.py3-none-any.whl", hash = "sha256:1d3fc5d42cf7564a6b2be04042d0df7a50c77903cf760a34786d0c9ebd659b25"},
    {file = "funcy-1.16.tar.gz", hash = "sha256:2775409b7dc9106283f1224d97e6df5f2c02e7291c8caed72764f5a115dffb50"},
]
iniconfig = [
    {file = "iniconfig-1.1.1-py2.py3-none-any.whl", hash = "sha256:011e24c64b7f47f6ebd835bb12a743f2fbe9a26d4cecaa7f53bc4f35ee9da8b3"},
    {file = "iniconfig-1.1.1.tar.gz", hash = "sha256:bc3af051d7d14b2ee5ef9969666def0cd1a000e121eaea580d4a313df4b37f32"},
]
lazytree = [
    {file = "lazytree-0.3.2-py3-none-any.whl", hash = "sha256:dc11850027ab2d4efa35210f6dd34837a1baf202578ae278e4d1a90f657fb8e4"},
    {file = "lazytree-0.3.2.tar.gz", hash = "sha256:7a035efb5fb61d9209375e594780c1039af1feda02118f7fcbd74fdf6e4321da"},
]
mccabe = [
    {file = "mccabe-0.6.1-py2.py3-none-any.whl", hash = "sha256:ab8a6258860da4b6677da4bd2fe5dc2c659cff31b3ee4f7f5d64e79735b80d42"},
    {file = "mccabe-0.6.1.tar.gz", hash = "sha256:dd8d182285a0fe56bace7f45b5e7d1a6ebcbf524e8f3bd87eb0f125271b8831f"},
]
networkx = [
    {file = "networkx-2.5.1-py3-none-any.whl", hash = "sha256:0635858ed7e989f4c574c2328380b452df892ae85084144c73d8cd819f0c4e06"},
    {file = "networkx-2.5.1.tar.gz", hash = "sha256:109cd585cac41297f71103c3c42ac6ef7379f29788eb54cb751be5a663bb235a"},
]
packaging = [
    {file = "packaging-20.9-py2.py3-none-any.whl", hash = "sha256:67714da7f7bc052e064859c05c595155bd1ee9f69f76557e21f051443c20947a"},
    {file = "packaging-20.9.tar.gz", hash = "sha256:5b327ac1320dc863dca72f4514ecc086f31186744b84a230374cc1fd776feae5"},
]
pluggy = [
    {file = "pluggy-0.13.1-py2.py3-none-any.whl", hash = "sha256:966c145cd83c96502c3c3868f50408687b38434af77734af1e9ca461a4081d2d"},
    {file = "pluggy-0.13.1.tar.gz", hash = "sha256:15b2acde666561e1298d71b523007ed7364de07029219b604cf808bfa1c765b0"},
]
py = [
    {file = "py-1.10.0-py2.py3-none-any.whl", hash = "sha256:3b80836aa6d1feeaa108e046da6423ab8f6ceda6468545ae8d02d9d58d18818a"},
    {file = "py-1.10.0.tar.gz", hash = "sha256:21b81bda15b66ef5e1a777a21c4dcd9c20ad3efd0b3f817e7a809035269e1bd3"},
]
pycodestyle = [
    {file = "pycodestyle-2.7.0-py2.py3-none-any.whl", hash = "sha256:514f76d918fcc0b55c6680472f0a37970994e07bbb80725808c17089be302068"},
    {file = "pycodestyle-2.7.0.tar.gz", hash = "sha256:c389c1d06bf7904078ca03399a4816f974a1d590090fecea0c63ec26ebaf1cef"},
]
pyflakes = [
    {file = "pyflakes-2.3.1-py2.py3-none-any.whl", hash = "sha256:7893783d01b8a89811dd72d7dfd4d84ff098e5eed95cfa8905b22bbffe52efc3"},
    {file = "pyflakes-2.3.1.tar.gz", hash = "sha256:f5bc8ecabc05bb9d291eb5203d6810b49040f6ff446a756326104746cc00c1db"},
]
pyparsing = [
    {file = "pyparsing-2.4.7-py2.py3-none-any.whl", hash = "sha256:ef9d7589ef3c200abe66653d3f1ab1033c3c419ae9b9bdb1240a85b024efc88b"},
    {file = "pyparsing-2.4.7.tar.gz", hash = "sha256:c203ec8783bf771a155b207279b9bccb8dea02d8f0c9e5f8ead507bc3246ecc1"},
]
pytest = [
    {file = "pytest-6.2.4-py3-none-any.whl", hash = "sha256:91ef2131a9bd6be8f76f1f08eac5c5317221d6ad1e143ae03894b862e8976890"},
    {file = "pytest-6.2.4.tar.gz", hash = "sha256:50bcad0a0b9c5a72c8e4e7c9855a3ad496ca6a881a3641b4260605450772c54b"},
]
pytest-flake8 = [
    {file = "pytest-flake8-1.0.7.tar.gz", hash = "sha256:f0259761a903563f33d6f099914afef339c085085e643bee8343eb323b32dd6b"},
    {file = "pytest_flake8-1.0.7-py2.py3-none-any.whl", hash = "sha256:c28cf23e7d359753c896745fd4ba859495d02e16c84bac36caa8b1eec58f5bc1"},
]
pytest-forked = [
    {file = "pytest-forked-1.3.0.tar.gz", hash = "sha256:6aa9ac7e00ad1a539c41bec6d21011332de671e938c7637378ec9710204e37ca"},
    {file = "pytest_forked-1.3.0-py2.py3-none-any.whl", hash = "sha256:dc4147784048e70ef5d437951728825a131b81714b398d5d52f17c7c144d8815"},
]
pytest-xdist = [
    {file = "pytest-xdist-2.2.1.tar.gz", hash = "sha256:718887296892f92683f6a51f25a3ae584993b06f7076ce1e1fd482e59a8220a2"},
    {file = "pytest_xdist-2.2.1-py3-none-any.whl", hash = "sha256:2447a1592ab41745955fb870ac7023026f20a5f0bfccf1b52a879bd193d46450"},
]
python-sat = [
    {file = "python-sat-0.1.7.dev3.tar.gz", hash = "sha256:5e46ac3af2c5cf80f6b0cccd49984c4d663e29a1095ca54db2af62c5f0aa41ce"},
    {file = "python_sat-0.1.7.dev3-cp27-cp27m-manylinux1_i686.whl", hash = "sha256:34644115566c69b82df27474ca7662d2d446dd5a7688b0d381f0325432799344"},
    {file = "python_sat-0.1.7.dev3-cp27-cp27m-manylinux1_x86_64.whl", hash = "sha256:b68fe91dcc421a84f82057c2005271ef9dc52345947ec66fdc0277b76aed2b94"},
    {file = "python_sat-0.1.7.dev3-cp27-cp27mu-manylinux1_i686.whl", hash = "sha256:72da27a60c653770670764b82cbbf726a7551e387620a8e27ed5fadcc278d097"},
    {file = "python_sat-0.1.7.dev3-cp27-cp27mu-manylinux1_x86_64.whl", hash = "sha256:acf9a4dc6feb5a04358c828b717fccf68ac5dd44bc11c915904188d129ae5c32"},
    {file = "python_sat-0.1.7.dev3-cp35-cp35m-manylinux1_i686.whl", hash = "sha256:cdaa9cfb2bde9c384799c97e9e0b8cb7d69499f02551ada401e5ff08ab2dccfe"},
    {file = "python_sat-0.1.7.dev3-cp35-cp35m-manylinux1_x86_64.whl", hash = "sha256:1d8a1f0905f7337742399c0fc31f41a12aca9cd57034863a30e5977dd7e0ba86"},
    {file = "python_sat-0.1.7.dev3-cp35-cp35m-manylinux2010_x86_64.whl", hash = "sha256:74f2fe2e57e9beb046a3614a389fbfdd74b380b70ddefa5e9091946b87e5298b"},
    {file = "python_sat-0.1.7.dev3-cp36-cp36m-manylinux1_i686.whl", hash = "sha256:4c8232a2a0d4e29fb9897a073a4ce3d8c6bb0304b023eb741b52ca397a2f1537"},
    {file = "python_sat-0.1.7.dev3-cp36-cp36m-manylinux1_x86_64.whl", hash = "sha256:cb14cce3d77517da2e05de6f337f24b959050bb17cc636d4cfd46da97071ace8"},
    {file = "python_sat-0.1.7.dev3-cp36-cp36m-manylinux2010_x86_64.whl", hash = "sha256:8e35631ef7aa75f7dc746b6be06f221994a9d8e9c65a76a709eedc1bba201ab5"},
    {file = "python_sat-0.1.7.dev3-cp36-cp36m-win_amd64.whl", hash = "sha256:8ced46a7c163ef0b4ab0a5def5ea8d095a423ed747e1708ba5f95e082d4301e4"},
    {file = "python_sat-0.1.7.dev3-cp37-cp37m-manylinux1_i686.whl", hash = "sha256:02a642682a5b0fb0d67bd3505ee7916b31a671c90e134d3ea6daebd19419e1ff"},
    {file = "python_sat-0.1.7.dev3-cp37-cp37m-manylinux1_x86_64.whl", hash = "sha256:952b49638d396a2e6b675347636cae6a9e754fb458147f5da5ebe55c3a23d579"},
    {file = "python_sat-0.1.7.dev3-cp37-cp37m-manylinux2010_x86_64.whl", hash = "sha256:2109b23bfa3ffac016494cebb33faa596f33c5d6b7a3b6dab7888a123ce216e0"},
    {file = "python_sat-0.1.7.dev3-cp37-cp37m-win_amd64.whl", hash = "sha256:f3b859c66fffb70536a109b9f2e0d707dd27dc187e449978081f0263bd38c40c"},
    {file = "python_sat-0.1.7.dev3-cp38-cp38-manylinux1_i686.whl", hash = "sha256:27dc72e0bc141c5d8ffab07ebf8527d22d1dfccdd5abe768ce7e6162ffe6e994"},
    {file = "python_sat-0.1.7.dev3-cp38-cp38-manylinux1_x86_64.whl", hash = "sha256:361525cf079b9181e4f010ea3aafb7ac07cd59cb346a22fd4d16112cf30ab651"},
    {file = "python_sat-0.1.7.dev3-cp38-cp38-manylinux2010_x86_64.whl", hash = "sha256:6bdfb9824f804ef50812b00a2e50ebd99c28a63a346118d8158011a476569632"},
    {file = "python_sat-0.1.7.dev3-cp38-cp38-win_amd64.whl", hash = "sha256:482ccd8336933f23b064bd993e70f95877f06b4a900478f3ef3db29affe85901"},
    {file = "python_sat-0.1.7.dev3-cp39-cp39-macosx_11_0_x86_64.whl", hash = "sha256:4e7c42e1115774266b5543f84c5dafb7451c26a534edde2d78477da90ea33b9d"},
    {file = "python_sat-0.1.7.dev3-cp39-cp39-manylinux1_i686.whl", hash = "sha256:e6009276d1f618175aeed9e89cf40b5328c0bc604991a928131fbb68cc9a7508"},
    {file = "python_sat-0.1.7.dev3-cp39-cp39-manylinux1_x86_64.whl", hash = "sha256:19afd4e79f7dfd4f15eae94bd231654b4ba1646fee74266b074d02877b1e1ce5"},
    {file = "python_sat-0.1.7.dev3-cp39-cp39-manylinux2010_x86_64.whl", hash = "sha256:d1a73e4ded0373b5b90ff2e50f59d6c6914bf0bcad7f6f4d17117bd037daa730"},
    {file = "python_sat-0.1.7.dev3-cp39-cp39-win_amd64.whl", hash = "sha256:ed81b1cd391a7661f98f787ddd09f2a53c30f20ff46845336f315d6708a12551"},
]
six = [
    {file = "six-1.16.0-py2.py3-none-any.whl", hash = "sha256:8abb2f1d86890a2dfb989f9a77cfcfd3e47c2a354b01111771326f8aa26e0254"},
    {file = "six-1.16.0.tar.gz", hash = "sha256:1e61c37477a1626458e36f7b1d82aa5c9b094fa4802892072e49de9c60c4c926"},
]
toml = [
    {file = "toml-0.10.2-py2.py3-none-any.whl", hash = "sha256:806143ae5bfb6a3c6e736a764057db0e6a0e05e338b5630894a5f779cabb4f9b"},
    {file = "toml-0.10.2.tar.gz", hash = "sha256:b3bda1d108d5dd99f4a20d24d9c348e91c4db7ab1b749200bded2f839ccbe68f"},
]
